// !$*UTF8*$!
{
	archiveVersion = 1;
	classes = {
	};
	objectVersion = 46;
	objects = {

/* Begin PBXBuildFile section */
		A84831CD1DC53D8600D6DAD2 /* NavBarViewController.swift in Sources */ = {isa = PBXBuildFile; fileRef = A84831CC1DC53D8600D6DAD2 /* NavBarViewController.swift */; };
		A84831CF1DC55A0100D6DAD2 /* User.swift in Sources */ = {isa = PBXBuildFile; fileRef = A84831CE1DC55A0100D6DAD2 /* User.swift */; };
		A84831D21DC56A4600D6DAD2 /* Main.storyboard in Resources */ = {isa = PBXBuildFile; fileRef = A84831D01DC56A4600D6DAD2 /* Main.storyboard */; };
		A862EBCD1DBECDAF00FEA822 /* AppDelegate.swift in Sources */ = {isa = PBXBuildFile; fileRef = A862EBCC1DBECDAF00FEA822 /* AppDelegate.swift */; };
		A862EBD41DBECDAF00FEA822 /* Assets.xcassets in Resources */ = {isa = PBXBuildFile; fileRef = A862EBD31DBECDAF00FEA822 /* Assets.xcassets */; };
		A862EBD71DBECDAF00FEA822 /* LaunchScreen.storyboard in Resources */ = {isa = PBXBuildFile; fileRef = A862EBD51DBECDAF00FEA822 /* LaunchScreen.storyboard */; };
		A862EBE21DBECDAF00FEA822 /* On_The_MapTests.swift in Sources */ = {isa = PBXBuildFile; fileRef = A862EBE11DBECDAF00FEA822 /* On_The_MapTests.swift */; };
		A862EBED1DBECDAF00FEA822 /* On_The_MapUITests.swift in Sources */ = {isa = PBXBuildFile; fileRef = A862EBEC1DBECDAF00FEA822 /* On_The_MapUITests.swift */; };
		A8923C751DC128F700AFED2B /* TableViewController.swift in Sources */ = {isa = PBXBuildFile; fileRef = A8923C741DC128F700AFED2B /* TableViewController.swift */; };
		A8923C781DC12F3D00AFED2B /* ParseClient.swift in Sources */ = {isa = PBXBuildFile; fileRef = A8923C771DC12F3D00AFED2B /* ParseClient.swift */; };
		A8923C7A1DC12F4F00AFED2B /* ParseConstants.swift in Sources */ = {isa = PBXBuildFile; fileRef = A8923C791DC12F4F00AFED2B /* ParseConstants.swift */; };
		A8923C7E1DC1665C00AFED2B /* ApiSpecificConf.swift in Sources */ = {isa = PBXBuildFile; fileRef = A8923C7D1DC1665C00AFED2B /* ApiSpecificConf.swift */; };
		A8923C801DC21F3100AFED2B /* Students.swift in Sources */ = {isa = PBXBuildFile; fileRef = A8923C7F1DC21F3100AFED2B /* Students.swift */; };
		A8923C821DC2B9CB00AFED2B /* MapViewController.swift in Sources */ = {isa = PBXBuildFile; fileRef = A8923C811DC2B9CB00AFED2B /* MapViewController.swift */; };
		A892912A1DC7F2060001E0A6 /* UpdateLocationViewController.swift in Sources */ = {isa = PBXBuildFile; fileRef = A89291291DC7F2060001E0A6 /* UpdateLocationViewController.swift */; };
		A8E0F36A1E2225CA003381F1 /* DataHelper.swift in Sources */ = {isa = PBXBuildFile; fileRef = A8E0F3691E2225CA003381F1 /* DataHelper.swift */; };
		A8E0F36C1E222D79003381F1 /* StudentListTableViewController.swift in Sources */ = {isa = PBXBuildFile; fileRef = A8E0F36B1E222D79003381F1 /* StudentListTableViewController.swift */; };
		A8E0F36E1E222EDB003381F1 /* OnTheMapViewController.swift in Sources */ = {isa = PBXBuildFile; fileRef = A8E0F36D1E222EDB003381F1 /* OnTheMapViewController.swift */; };
		A8E0F3701E2230A6003381F1 /* UIViewControllerExtension.swift in Sources */ = {isa = PBXBuildFile; fileRef = A8E0F36F1E2230A6003381F1 /* UIViewControllerExtension.swift */; };
		A8E0F3741E227EA9003381F1 /* OnTheMap.storyboard in Resources */ = {isa = PBXBuildFile; fileRef = A8E0F3731E227EA9003381F1 /* OnTheMap.storyboard */; };
		A8E7E6DA1DBF7CCA00C77977 /* LoginViewController.swift in Sources */ = {isa = PBXBuildFile; fileRef = A8E7E6D91DBF7CCA00C77977 /* LoginViewController.swift */; };
		A8E7E6E51DC0066200C77977 /* NetworkingModule.swift in Sources */ = {isa = PBXBuildFile; fileRef = A8E7E6E41DC0066200C77977 /* NetworkingModule.swift */; };
		A8E7E6E91DC006C000C77977 /* UdacityClient.swift in Sources */ = {isa = PBXBuildFile; fileRef = A8E7E6E81DC006C000C77977 /* UdacityClient.swift */; };
		A8E7E6EB1DC006D100C77977 /* FacebookClient.swift in Sources */ = {isa = PBXBuildFile; fileRef = A8E7E6EA1DC006D100C77977 /* FacebookClient.swift */; };
		A8E7E6ED1DC00FA900C77977 /* UdacityConstants.swift in Sources */ = {isa = PBXBuildFile; fileRef = A8E7E6EC1DC00FA900C77977 /* UdacityConstants.swift */; };
		A8E7E6EF1DC0306800C77977 /* GCDBlackBox.swift in Sources */ = {isa = PBXBuildFile; fileRef = A8E7E6EE1DC0306800C77977 /* GCDBlackBox.swift */; };
/* End PBXBuildFile section */

/* Begin PBXContainerItemProxy section */
		A862EBDE1DBECDAF00FEA822 /* PBXContainerItemProxy */ = {
			isa = PBXContainerItemProxy;
			containerPortal = A862EBC11DBECDAF00FEA822 /* Project object */;
			proxyType = 1;
			remoteGlobalIDString = A862EBC81DBECDAF00FEA822;
			remoteInfo = "On The Map";
		};
		A862EBE91DBECDAF00FEA822 /* PBXContainerItemProxy */ = {
			isa = PBXContainerItemProxy;
			containerPortal = A862EBC11DBECDAF00FEA822 /* Project object */;
			proxyType = 1;
			remoteGlobalIDString = A862EBC81DBECDAF00FEA822;
			remoteInfo = "On The Map";
		};
/* End PBXContainerItemProxy section */

/* Begin PBXFileReference section */
		A84831CC1DC53D8600D6DAD2 /* NavBarViewController.swift */ = {isa = PBXFileReference; fileEncoding = 4; lastKnownFileType = sourcecode.swift; path = NavBarViewController.swift; sourceTree = "<group>"; };
		A84831CE1DC55A0100D6DAD2 /* User.swift */ = {isa = PBXFileReference; fileEncoding = 4; lastKnownFileType = sourcecode.swift; path = User.swift; sourceTree = "<group>"; };
		A84831D11DC56A4600D6DAD2 /* Base */ = {isa = PBXFileReference; lastKnownFileType = file.storyboard; name = Base; path = "On The Map/Base.lproj/Main.storyboard"; sourceTree = "<group>"; };
		A862EBC91DBECDAF00FEA822 /* On The Map.app */ = {isa = PBXFileReference; explicitFileType = wrapper.application; includeInIndex = 0; path = "On The Map.app"; sourceTree = BUILT_PRODUCTS_DIR; };
		A862EBCC1DBECDAF00FEA822 /* AppDelegate.swift */ = {isa = PBXFileReference; lastKnownFileType = sourcecode.swift; path = AppDelegate.swift; sourceTree = "<group>"; };
		A862EBD31DBECDAF00FEA822 /* Assets.xcassets */ = {isa = PBXFileReference; lastKnownFileType = folder.assetcatalog; path = Assets.xcassets; sourceTree = "<group>"; };
		A862EBD61DBECDAF00FEA822 /* Base */ = {isa = PBXFileReference; lastKnownFileType = file.storyboard; name = Base; path = Base.lproj/LaunchScreen.storyboard; sourceTree = "<group>"; };
		A862EBD81DBECDAF00FEA822 /* Info.plist */ = {isa = PBXFileReference; lastKnownFileType = text.plist.xml; path = Info.plist; sourceTree = "<group>"; };
		A862EBDD1DBECDAF00FEA822 /* On The MapTests.xctest */ = {isa = PBXFileReference; explicitFileType = wrapper.cfbundle; includeInIndex = 0; path = "On The MapTests.xctest"; sourceTree = BUILT_PRODUCTS_DIR; };
		A862EBE11DBECDAF00FEA822 /* On_The_MapTests.swift */ = {isa = PBXFileReference; lastKnownFileType = sourcecode.swift; path = On_The_MapTests.swift; sourceTree = "<group>"; };
		A862EBE31DBECDAF00FEA822 /* Info.plist */ = {isa = PBXFileReference; lastKnownFileType = text.plist.xml; path = Info.plist; sourceTree = "<group>"; };
		A862EBE81DBECDAF00FEA822 /* On The MapUITests.xctest */ = {isa = PBXFileReference; explicitFileType = wrapper.cfbundle; includeInIndex = 0; path = "On The MapUITests.xctest"; sourceTree = BUILT_PRODUCTS_DIR; };
		A862EBEC1DBECDAF00FEA822 /* On_The_MapUITests.swift */ = {isa = PBXFileReference; lastKnownFileType = sourcecode.swift; path = On_The_MapUITests.swift; sourceTree = "<group>"; };
		A862EBEE1DBECDAF00FEA822 /* Info.plist */ = {isa = PBXFileReference; lastKnownFileType = text.plist.xml; path = Info.plist; sourceTree = "<group>"; };
		A8923C741DC128F700AFED2B /* TableViewController.swift */ = {isa = PBXFileReference; fileEncoding = 4; lastKnownFileType = sourcecode.swift; path = TableViewController.swift; sourceTree = "<group>"; };
		A8923C771DC12F3D00AFED2B /* ParseClient.swift */ = {isa = PBXFileReference; fileEncoding = 4; lastKnownFileType = sourcecode.swift; path = ParseClient.swift; sourceTree = "<group>"; };
		A8923C791DC12F4F00AFED2B /* ParseConstants.swift */ = {isa = PBXFileReference; fileEncoding = 4; lastKnownFileType = sourcecode.swift; path = ParseConstants.swift; sourceTree = "<group>"; };
		A8923C7D1DC1665C00AFED2B /* ApiSpecificConf.swift */ = {isa = PBXFileReference; fileEncoding = 4; lastKnownFileType = sourcecode.swift; path = ApiSpecificConf.swift; sourceTree = "<group>"; };
		A8923C7F1DC21F3100AFED2B /* Students.swift */ = {isa = PBXFileReference; fileEncoding = 4; lastKnownFileType = sourcecode.swift; path = Students.swift; sourceTree = "<group>"; };
		A8923C811DC2B9CB00AFED2B /* MapViewController.swift */ = {isa = PBXFileReference; fileEncoding = 4; lastKnownFileType = sourcecode.swift; path = MapViewController.swift; sourceTree = "<group>"; };
		A89291291DC7F2060001E0A6 /* UpdateLocationViewController.swift */ = {isa = PBXFileReference; fileEncoding = 4; lastKnownFileType = sourcecode.swift; path = UpdateLocationViewController.swift; sourceTree = "<group>"; };
		A8E0F3691E2225CA003381F1 /* DataHelper.swift */ = {isa = PBXFileReference; fileEncoding = 4; lastKnownFileType = sourcecode.swift; path = DataHelper.swift; sourceTree = "<group>"; };
		A8E0F36B1E222D79003381F1 /* StudentListTableViewController.swift */ = {isa = PBXFileReference; fileEncoding = 4; lastKnownFileType = sourcecode.swift; path = StudentListTableViewController.swift; sourceTree = "<group>"; };
		A8E0F36D1E222EDB003381F1 /* OnTheMapViewController.swift */ = {isa = PBXFileReference; fileEncoding = 4; lastKnownFileType = sourcecode.swift; path = OnTheMapViewController.swift; sourceTree = "<group>"; };
		A8E0F36F1E2230A6003381F1 /* UIViewControllerExtension.swift */ = {isa = PBXFileReference; fileEncoding = 4; lastKnownFileType = sourcecode.swift; path = UIViewControllerExtension.swift; sourceTree = "<group>"; };
		A8E0F3731E227EA9003381F1 /* OnTheMap.storyboard */ = {isa = PBXFileReference; fileEncoding = 4; lastKnownFileType = file.storyboard; path = OnTheMap.storyboard; sourceTree = "<group>"; };
		A8E7E6D91DBF7CCA00C77977 /* LoginViewController.swift */ = {isa = PBXFileReference; fileEncoding = 4; lastKnownFileType = sourcecode.swift; name = LoginViewController.swift; path = ../LoginViewController.swift; sourceTree = "<group>"; };
		A8E7E6E41DC0066200C77977 /* NetworkingModule.swift */ = {isa = PBXFileReference; fileEncoding = 4; lastKnownFileType = sourcecode.swift; path = NetworkingModule.swift; sourceTree = "<group>"; };
		A8E7E6E81DC006C000C77977 /* UdacityClient.swift */ = {isa = PBXFileReference; fileEncoding = 4; lastKnownFileType = sourcecode.swift; path = UdacityClient.swift; sourceTree = "<group>"; };
		A8E7E6EA1DC006D100C77977 /* FacebookClient.swift */ = {isa = PBXFileReference; fileEncoding = 4; lastKnownFileType = sourcecode.swift; path = FacebookClient.swift; sourceTree = "<group>"; };
		A8E7E6EC1DC00FA900C77977 /* UdacityConstants.swift */ = {isa = PBXFileReference; fileEncoding = 4; lastKnownFileType = sourcecode.swift; path = UdacityConstants.swift; sourceTree = "<group>"; };
		A8E7E6EE1DC0306800C77977 /* GCDBlackBox.swift */ = {isa = PBXFileReference; fileEncoding = 4; lastKnownFileType = sourcecode.swift; path = GCDBlackBox.swift; sourceTree = "<group>"; };
/* End PBXFileReference section */

/* Begin PBXFrameworksBuildPhase section */
		A862EBC61DBECDAF00FEA822 /* Frameworks */ = {
			isa = PBXFrameworksBuildPhase;
			buildActionMask = 2147483647;
			files = (
			);
			runOnlyForDeploymentPostprocessing = 0;
		};
		A862EBDA1DBECDAF00FEA822 /* Frameworks */ = {
			isa = PBXFrameworksBuildPhase;
			buildActionMask = 2147483647;
			files = (
			);
			runOnlyForDeploymentPostprocessing = 0;
		};
		A862EBE51DBECDAF00FEA822 /* Frameworks */ = {
			isa = PBXFrameworksBuildPhase;
			buildActionMask = 2147483647;
			files = (
			);
			runOnlyForDeploymentPostprocessing = 0;
		};
/* End PBXFrameworksBuildPhase section */

/* Begin PBXGroup section */
		A862EBC01DBECDAF00FEA822 = {
			isa = PBXGroup;
			children = (
				A84831D01DC56A4600D6DAD2 /* Main.storyboard */,
				A8E0F3731E227EA9003381F1 /* OnTheMap.storyboard */,
				A8E7E6EE1DC0306800C77977 /* GCDBlackBox.swift */,
				A862EBCB1DBECDAF00FEA822 /* On The Map */,
				A862EBE01DBECDAF00FEA822 /* On The MapTests */,
				A862EBEB1DBECDAF00FEA822 /* On The MapUITests */,
				A862EBCA1DBECDAF00FEA822 /* Products */,
			);
			sourceTree = "<group>";
		};
		A862EBCA1DBECDAF00FEA822 /* Products */ = {
			isa = PBXGroup;
			children = (
				A862EBC91DBECDAF00FEA822 /* On The Map.app */,
				A862EBDD1DBECDAF00FEA822 /* On The MapTests.xctest */,
				A862EBE81DBECDAF00FEA822 /* On The MapUITests.xctest */,
			);
			name = Products;
			sourceTree = "<group>";
		};
		A862EBCB1DBECDAF00FEA822 /* On The Map */ = {
			isa = PBXGroup;
			children = (
				A8E0F3691E2225CA003381F1 /* DataHelper.swift */,
				A8E7E6DD1DBFD64C00C77977 /* Controller */,
				A8E7E6DC1DBFD64300C77977 /* View */,
				A8E7E6DB1DBFD63600C77977 /* Modal */,
				A862EBCC1DBECDAF00FEA822 /* AppDelegate.swift */,
				A862EBD31DBECDAF00FEA822 /* Assets.xcassets */,
				A862EBD51DBECDAF00FEA822 /* LaunchScreen.storyboard */,
				A862EBD81DBECDAF00FEA822 /* Info.plist */,
			);
			path = "On The Map";
			sourceTree = "<group>";
		};
		A862EBE01DBECDAF00FEA822 /* On The MapTests */ = {
			isa = PBXGroup;
			children = (
				A862EBE11DBECDAF00FEA822 /* On_The_MapTests.swift */,
				A862EBE31DBECDAF00FEA822 /* Info.plist */,
			);
			path = "On The MapTests";
			sourceTree = "<group>";
		};
		A862EBEB1DBECDAF00FEA822 /* On The MapUITests */ = {
			isa = PBXGroup;
			children = (
				A862EBEC1DBECDAF00FEA822 /* On_The_MapUITests.swift */,
				A862EBEE1DBECDAF00FEA822 /* Info.plist */,
			);
			path = "On The MapUITests";
			sourceTree = "<group>";
		};
		A8923C761DC12F2D00AFED2B /* Parse */ = {
			isa = PBXGroup;
			children = (
				A8923C771DC12F3D00AFED2B /* ParseClient.swift */,
				A8923C791DC12F4F00AFED2B /* ParseConstants.swift */,
			);
			name = Parse;
			sourceTree = "<group>";
		};
		A8E7E6DB1DBFD63600C77977 /* Modal */ = {
			isa = PBXGroup;
			children = (
				A8923C761DC12F2D00AFED2B /* Parse */,
				A8E7E6E71DC006B100C77977 /* Udacity */,
				A8E7E6E61DC006A800C77977 /* Facebook */,
				A8E7E6E41DC0066200C77977 /* NetworkingModule.swift */,
				A8923C7D1DC1665C00AFED2B /* ApiSpecificConf.swift */,
			);
			name = Modal;
			sourceTree = "<group>";
		};
		A8E7E6DC1DBFD64300C77977 /* View */ = {
			isa = PBXGroup;
			children = (
			);
			name = View;
			sourceTree = "<group>";
		};
		A8E7E6DD1DBFD64C00C77977 /* Controller */ = {
			isa = PBXGroup;
			children = (
				A8E7E6D91DBF7CCA00C77977 /* LoginViewController.swift */,
				A84831CC1DC53D8600D6DAD2 /* NavBarViewController.swift */,
				A8E0F36D1E222EDB003381F1 /* OnTheMapViewController.swift */,
				A8E0F36F1E2230A6003381F1 /* UIViewControllerExtension.swift */,
				A89291291DC7F2060001E0A6 /* UpdateLocationViewController.swift */,
				A8923C7F1DC21F3100AFED2B /* Students.swift */,
				A84831CE1DC55A0100D6DAD2 /* User.swift */,
				A8923C741DC128F700AFED2B /* TableViewController.swift */,
				A8E0F36B1E222D79003381F1 /* StudentListTableViewController.swift */,
				A8923C811DC2B9CB00AFED2B /* MapViewController.swift */,
			);
			name = Controller;
			sourceTree = "<group>";
		};
		A8E7E6E61DC006A800C77977 /* Facebook */ = {
			isa = PBXGroup;
			children = (
				A8E7E6EA1DC006D100C77977 /* FacebookClient.swift */,
			);
			name = Facebook;
			sourceTree = "<group>";
		};
		A8E7E6E71DC006B100C77977 /* Udacity */ = {
			isa = PBXGroup;
			children = (
				A8E7E6E81DC006C000C77977 /* UdacityClient.swift */,
				A8E7E6EC1DC00FA900C77977 /* UdacityConstants.swift */,
			);
			name = Udacity;
			sourceTree = "<group>";
		};
/* End PBXGroup section */

/* Begin PBXNativeTarget section */
		A862EBC81DBECDAF00FEA822 /* On The Map */ = {
			isa = PBXNativeTarget;
			buildConfigurationList = A862EBF11DBECDAF00FEA822 /* Build configuration list for PBXNativeTarget "On The Map" */;
			buildPhases = (
				A862EBC51DBECDAF00FEA822 /* Sources */,
				A862EBC61DBECDAF00FEA822 /* Frameworks */,
				A862EBC71DBECDAF00FEA822 /* Resources */,
			);
			buildRules = (
			);
			dependencies = (
			);
			name = "On The Map";
			productName = "On The Map";
			productReference = A862EBC91DBECDAF00FEA822 /* On The Map.app */;
			productType = "com.apple.product-type.application";
		};
		A862EBDC1DBECDAF00FEA822 /* On The MapTests */ = {
			isa = PBXNativeTarget;
			buildConfigurationList = A862EBF41DBECDAF00FEA822 /* Build configuration list for PBXNativeTarget "On The MapTests" */;
			buildPhases = (
				A862EBD91DBECDAF00FEA822 /* Sources */,
				A862EBDA1DBECDAF00FEA822 /* Frameworks */,
				A862EBDB1DBECDAF00FEA822 /* Resources */,
			);
			buildRules = (
			);
			dependencies = (
				A862EBDF1DBECDAF00FEA822 /* PBXTargetDependency */,
			);
			name = "On The MapTests";
			productName = "On The MapTests";
			productReference = A862EBDD1DBECDAF00FEA822 /* On The MapTests.xctest */;
			productType = "com.apple.product-type.bundle.unit-test";
		};
		A862EBE71DBECDAF00FEA822 /* On The MapUITests */ = {
			isa = PBXNativeTarget;
			buildConfigurationList = A862EBF71DBECDAF00FEA822 /* Build configuration list for PBXNativeTarget "On The MapUITests" */;
			buildPhases = (
				A862EBE41DBECDAF00FEA822 /* Sources */,
				A862EBE51DBECDAF00FEA822 /* Frameworks */,
				A862EBE61DBECDAF00FEA822 /* Resources */,
			);
			buildRules = (
			);
			dependencies = (
				A862EBEA1DBECDAF00FEA822 /* PBXTargetDependency */,
			);
			name = "On The MapUITests";
			productName = "On The MapUITests";
			productReference = A862EBE81DBECDAF00FEA822 /* On The MapUITests.xctest */;
			productType = "com.apple.product-type.bundle.ui-testing";
		};
/* End PBXNativeTarget section */

/* Begin PBXProject section */
		A862EBC11DBECDAF00FEA822 /* Project object */ = {
			isa = PBXProject;
			attributes = {
				LastSwiftUpdateCheck = 0800;
				LastUpgradeCheck = 0800;
				ORGANIZATIONNAME = "Headmaster Technologies";
				TargetAttributes = {
					A862EBC81DBECDAF00FEA822 = {
						CreatedOnToolsVersion = 8.0;
						DevelopmentTeam = 3MHDY5FVBH;
						ProvisioningStyle = Automatic;
					};
					A862EBDC1DBECDAF00FEA822 = {
						CreatedOnToolsVersion = 8.0;
						DevelopmentTeam = 3MHDY5FVBH;
						ProvisioningStyle = Automatic;
						TestTargetID = A862EBC81DBECDAF00FEA822;
					};
					A862EBE71DBECDAF00FEA822 = {
						CreatedOnToolsVersion = 8.0;
						DevelopmentTeam = 3MHDY5FVBH;
						ProvisioningStyle = Automatic;
						TestTargetID = A862EBC81DBECDAF00FEA822;
					};
				};
			};
			buildConfigurationList = A862EBC41DBECDAF00FEA822 /* Build configuration list for PBXProject "On The Map" */;
			compatibilityVersion = "Xcode 3.2";
			developmentRegion = English;
			hasScannedForEncodings = 0;
			knownRegions = (
				en,
				Base,
			);
			mainGroup = A862EBC01DBECDAF00FEA822;
			productRefGroup = A862EBCA1DBECDAF00FEA822 /* Products */;
			projectDirPath = "";
			projectRoot = "";
			targets = (
				A862EBC81DBECDAF00FEA822 /* On The Map */,
				A862EBDC1DBECDAF00FEA822 /* On The MapTests */,
				A862EBE71DBECDAF00FEA822 /* On The MapUITests */,
			);
		};
/* End PBXProject section */

/* Begin PBXResourcesBuildPhase section */
		A862EBC71DBECDAF00FEA822 /* Resources */ = {
			isa = PBXResourcesBuildPhase;
			buildActionMask = 2147483647;
			files = (
				A84831D21DC56A4600D6DAD2 /* Main.storyboard in Resources */,
				A862EBD71DBECDAF00FEA822 /* LaunchScreen.storyboard in Resources */,
				A8E0F3741E227EA9003381F1 /* OnTheMap.storyboard in Resources */,
				A862EBD41DBECDAF00FEA822 /* Assets.xcassets in Resources */,
			);
			runOnlyForDeploymentPostprocessing = 0;
		};
		A862EBDB1DBECDAF00FEA822 /* Resources */ = {
			isa = PBXResourcesBuildPhase;
			buildActionMask = 2147483647;
			files = (
			);
			runOnlyForDeploymentPostprocessing = 0;
		};
		A862EBE61DBECDAF00FEA822 /* Resources */ = {
			isa = PBXResourcesBuildPhase;
			buildActionMask = 2147483647;
			files = (
			);
			runOnlyForDeploymentPostprocessing = 0;
		};
/* End PBXResourcesBuildPhase section */

/* Begin PBXSourcesBuildPhase section */
		A862EBC51DBECDAF00FEA822 /* Sources */ = {
			isa = PBXSourcesBuildPhase;
			buildActionMask = 2147483647;
			files = (
				A8923C781DC12F3D00AFED2B /* ParseClient.swift in Sources */,
				A8E7E6E91DC006C000C77977 /* UdacityClient.swift in Sources */,
				A84831CD1DC53D8600D6DAD2 /* NavBarViewController.swift in Sources */,
				A8E7E6E51DC0066200C77977 /* NetworkingModule.swift in Sources */,
				A8923C801DC21F3100AFED2B /* Students.swift in Sources */,
				A8923C7A1DC12F4F00AFED2B /* ParseConstants.swift in Sources */,
				A8E0F36E1E222EDB003381F1 /* OnTheMapViewController.swift in Sources */,
				A8923C7E1DC1665C00AFED2B /* ApiSpecificConf.swift in Sources */,
				A8923C821DC2B9CB00AFED2B /* MapViewController.swift in Sources */,
				A892912A1DC7F2060001E0A6 /* UpdateLocationViewController.swift in Sources */,
				A84831CF1DC55A0100D6DAD2 /* User.swift in Sources */,
				A8E7E6DA1DBF7CCA00C77977 /* LoginViewController.swift in Sources */,
				A8E0F3701E2230A6003381F1 /* UIViewControllerExtension.swift in Sources */,
				A8923C751DC128F700AFED2B /* TableViewController.swift in Sources */,
				A8E0F36A1E2225CA003381F1 /* DataHelper.swift in Sources */,
				A8E7E6EB1DC006D100C77977 /* FacebookClient.swift in Sources */,
				A862EBCD1DBECDAF00FEA822 /* AppDelegate.swift in Sources */,
				A8E0F36C1E222D79003381F1 /* StudentListTableViewController.swift in Sources */,
				A8E7E6ED1DC00FA900C77977 /* UdacityConstants.swift in Sources */,
				A8E7E6EF1DC0306800C77977 /* GCDBlackBox.swift in Sources */,
			);
			runOnlyForDeploymentPostprocessing = 0;
		};
		A862EBD91DBECDAF00FEA822 /* Sources */ = {
			isa = PBXSourcesBuildPhase;
			buildActionMask = 2147483647;
			files = (
				A862EBE21DBECDAF00FEA822 /* On_The_MapTests.swift in Sources */,
			);
			runOnlyForDeploymentPostprocessing = 0;
		};
		A862EBE41DBECDAF00FEA822 /* Sources */ = {
			isa = PBXSourcesBuildPhase;
			buildActionMask = 2147483647;
			files = (
				A862EBED1DBECDAF00FEA822 /* On_The_MapUITests.swift in Sources */,
			);
			runOnlyForDeploymentPostprocessing = 0;
		};
/* End PBXSourcesBuildPhase section */

/* Begin PBXTargetDependency section */
		A862EBDF1DBECDAF00FEA822 /* PBXTargetDependency */ = {
			isa = PBXTargetDependency;
			target = A862EBC81DBECDAF00FEA822 /* On The Map */;
			targetProxy = A862EBDE1DBECDAF00FEA822 /* PBXContainerItemProxy */;
		};
		A862EBEA1DBECDAF00FEA822 /* PBXTargetDependency */ = {
			isa = PBXTargetDependency;
			target = A862EBC81DBECDAF00FEA822 /* On The Map */;
			targetProxy = A862EBE91DBECDAF00FEA822 /* PBXContainerItemProxy */;
		};
/* End PBXTargetDependency section */

/* Begin PBXVariantGroup section */
		A84831D01DC56A4600D6DAD2 /* Main.storyboard */ = {
			isa = PBXVariantGroup;
			children = (
				A84831D11DC56A4600D6DAD2 /* Base */,
			);
			name = Main.storyboard;
			sourceTree = "<group>";
		};
		A862EBD51DBECDAF00FEA822 /* LaunchScreen.storyboard */ = {
			isa = PBXVariantGroup;
			children = (
				A862EBD61DBECDAF00FEA822 /* Base */,
			);
			name = LaunchScreen.storyboard;
			sourceTree = "<group>";
		};
/* End PBXVariantGroup section */

/* Begin XCBuildConfiguration section */
		A862EBEF1DBECDAF00FEA822 /* Debug */ = {
			isa = XCBuildConfiguration;
			buildSettings = {
				ALWAYS_SEARCH_USER_PATHS = NO;
				CLANG_ANALYZER_NONNULL = YES;
				CLANG_CXX_LANGUAGE_STANDARD = "gnu++0x";
				CLANG_CXX_LIBRARY = "libc++";
				CLANG_ENABLE_MODULES = YES;
				CLANG_ENABLE_OBJC_ARC = YES;
				CLANG_WARN_BOOL_CONVERSION = YES;
				CLANG_WARN_CONSTANT_CONVERSION = YES;
				CLANG_WARN_DIRECT_OBJC_ISA_USAGE = YES_ERROR;
				CLANG_WARN_DOCUMENTATION_COMMENTS = YES;
				CLANG_WARN_EMPTY_BODY = YES;
				CLANG_WARN_ENUM_CONVERSION = YES;
				CLANG_WARN_INFINITE_RECURSION = YES;
				CLANG_WARN_INT_CONVERSION = YES;
				CLANG_WARN_OBJC_ROOT_CLASS = YES_ERROR;
				CLANG_WARN_SUSPICIOUS_MOVES = YES;
				CLANG_WARN_UNREACHABLE_CODE = YES;
				CLANG_WARN__DUPLICATE_METHOD_MATCH = YES;
				"CODE_SIGN_IDENTITY[sdk=iphoneos*]" = "iPhone Developer";
				COPY_PHASE_STRIP = NO;
				DEBUG_INFORMATION_FORMAT = dwarf;
				ENABLE_STRICT_OBJC_MSGSEND = YES;
				ENABLE_TESTABILITY = YES;
				GCC_C_LANGUAGE_STANDARD = gnu99;
				GCC_DYNAMIC_NO_PIC = NO;
				GCC_NO_COMMON_BLOCKS = YES;
				GCC_OPTIMIZATION_LEVEL = 0;
				GCC_PREPROCESSOR_DEFINITIONS = (
					"DEBUG=1",
					"$(inherited)",
				);
				GCC_WARN_64_TO_32_BIT_CONVERSION = YES;
				GCC_WARN_ABOUT_RETURN_TYPE = YES_ERROR;
				GCC_WARN_UNDECLARED_SELECTOR = YES;
				GCC_WARN_UNINITIALIZED_AUTOS = YES_AGGRESSIVE;
				GCC_WARN_UNUSED_FUNCTION = YES;
				GCC_WARN_UNUSED_VARIABLE = YES;
				IPHONEOS_DEPLOYMENT_TARGET = 10.0;
				MTL_ENABLE_DEBUG_INFO = YES;
				ONLY_ACTIVE_ARCH = YES;
				SDKROOT = iphoneos;
				SWIFT_ACTIVE_COMPILATION_CONDITIONS = DEBUG;
				SWIFT_OPTIMIZATION_LEVEL = "-Onone";
				TARGETED_DEVICE_FAMILY = "1,2";
			};
			name = Debug;
		};
		A862EBF01DBECDAF00FEA822 /* Release */ = {
			isa = XCBuildConfiguration;
			buildSettings = {
				ALWAYS_SEARCH_USER_PATHS = NO;
				CLANG_ANALYZER_NONNULL = YES;
				CLANG_CXX_LANGUAGE_STANDARD = "gnu++0x";
				CLANG_CXX_LIBRARY = "libc++";
				CLANG_ENABLE_MODULES = YES;
				CLANG_ENABLE_OBJC_ARC = YES;
				CLANG_WARN_BOOL_CONVERSION = YES;
				CLANG_WARN_CONSTANT_CONVERSION = YES;
				CLANG_WARN_DIRECT_OBJC_ISA_USAGE = YES_ERROR;
				CLANG_WARN_DOCUMENTATION_COMMENTS = YES;
				CLANG_WARN_EMPTY_BODY = YES;
				CLANG_WARN_ENUM_CONVERSION = YES;
				CLANG_WARN_INFINITE_RECURSION = YES;
				CLANG_WARN_INT_CONVERSION = YES;
				CLANG_WARN_OBJC_ROOT_CLASS = YES_ERROR;
				CLANG_WARN_SUSPICIOUS_MOVES = YES;
				CLANG_WARN_UNREACHABLE_CODE = YES;
				CLANG_WARN__DUPLICATE_METHOD_MATCH = YES;
				"CODE_SIGN_IDENTITY[sdk=iphoneos*]" = "iPhone Developer";
				COPY_PHASE_STRIP = NO;
				DEBUG_INFORMATION_FORMAT = "dwarf-with-dsym";
				ENABLE_NS_ASSERTIONS = NO;
				ENABLE_STRICT_OBJC_MSGSEND = YES;
				GCC_C_LANGUAGE_STANDARD = gnu99;
				GCC_NO_COMMON_BLOCKS = YES;
				GCC_WARN_64_TO_32_BIT_CONVERSION = YES;
				GCC_WARN_ABOUT_RETURN_TYPE = YES_ERROR;
				GCC_WARN_UNDECLARED_SELECTOR = YES;
				GCC_WARN_UNINITIALIZED_AUTOS = YES_AGGRESSIVE;
				GCC_WARN_UNUSED_FUNCTION = YES;
				GCC_WARN_UNUSED_VARIABLE = YES;
				IPHONEOS_DEPLOYMENT_TARGET = 10.0;
				MTL_ENABLE_DEBUG_INFO = NO;
				SDKROOT = iphoneos;
				SWIFT_OPTIMIZATION_LEVEL = "-Owholemodule";
				TARGETED_DEVICE_FAMILY = "1,2";
				VALIDATE_PRODUCT = YES;
			};
			name = Release;
		};
		A862EBF21DBECDAF00FEA822 /* Debug */ = {
			isa = XCBuildConfiguration;
			buildSettings = {
				ASSETCATALOG_COMPILER_APPICON_NAME = AppIcon;
				DEVELOPMENT_TEAM = 3MHDY5FVBH;
				INFOPLIST_FILE = "On The Map/Info.plist";
				LD_RUNPATH_SEARCH_PATHS = "$(inherited) @executable_path/Frameworks";
				PRODUCT_BUNDLE_IDENTIFIER = "HT.On-The-Map";
				PRODUCT_NAME = "$(TARGET_NAME)";
				SWIFT_VERSION = 3.0;
			};
			name = Debug;
		};
		A862EBF31DBECDAF00FEA822 /* Release */ = {
			isa = XCBuildConfiguration;
			buildSettings = {
				ASSETCATALOG_COMPILER_APPICON_NAME = AppIcon;
				DEVELOPMENT_TEAM = 3MHDY5FVBH;
				INFOPLIST_FILE = "On The Map/Info.plist";
				LD_RUNPATH_SEARCH_PATHS = "$(inherited) @executable_path/Frameworks";
				PRODUCT_BUNDLE_IDENTIFIER = "HT.On-The-Map";
				PRODUCT_NAME = "$(TARGET_NAME)";
				SWIFT_VERSION = 3.0;
			};
			name = Release;
		};
		A862EBF51DBECDAF00FEA822 /* Debug */ = {
			isa = XCBuildConfiguration;
			buildSettings = {
				ALWAYS_EMBED_SWIFT_STANDARD_LIBRARIES = YES;
				BUNDLE_LOADER = "$(TEST_HOST)";
				DEVELOPMENT_TEAM = 3MHDY5FVBH;
				INFOPLIST_FILE = "On The MapTests/Info.plist";
				LD_RUNPATH_SEARCH_PATHS = "$(inherited) @executable_path/Frameworks @loader_path/Frameworks";
				PRODUCT_BUNDLE_IDENTIFIER = "HT.On-The-MapTests";
				PRODUCT_NAME = "$(TARGET_NAME)";
				SWIFT_VERSION = 3.0;
				TEST_HOST = "$(BUILT_PRODUCTS_DIR)/On The Map.app/On The Map";
			};
			name = Debug;
		};
		A862EBF61DBECDAF00FEA822 /* Release */ = {
			isa = XCBuildConfiguration;
			buildSettings = {
				ALWAYS_EMBED_SWIFT_STANDARD_LIBRARIES = YES;
				BUNDLE_LOADER = "$(TEST_HOST)";
				DEVELOPMENT_TEAM = 3MHDY5FVBH;
				INFOPLIST_FILE = "On The MapTests/Info.plist";
				LD_RUNPATH_SEARCH_PATHS = "$(inherited) @executable_path/Frameworks @loader_path/Frameworks";
				PRODUCT_BUNDLE_IDENTIFIER = "HT.On-The-MapTests";
				PRODUCT_NAME = "$(TARGET_NAME)";
				SWIFT_VERSION = 3.0;
				TEST_HOST = "$(BUILT_PRODUCTS_DIR)/On The Map.app/On The Map";
			};
			name = Release;
		};
		A862EBF81DBECDAF00FEA822 /* Debug */ = {
			isa = XCBuildConfiguration;
			buildSettings = {
				ALWAYS_EMBED_SWIFT_STANDARD_LIBRARIES = YES;
				DEVELOPMENT_TEAM = 3MHDY5FVBH;
				INFOPLIST_FILE = "On The MapUITests/Info.plist";
				LD_RUNPATH_SEARCH_PATHS = "$(inherited) @executable_path/Frameworks @loader_path/Frameworks";
				PRODUCT_BUNDLE_IDENTIFIER = "HT.On-The-MapUITests";
				PRODUCT_NAME = "$(TARGET_NAME)";
				SWIFT_VERSION = 3.0;
				TEST_TARGET_NAME = "On The Map";
			};
			name = Debug;
		};
		A862EBF91DBECDAF00FEA822 /* Release */ = {
			isa = XCBuildConfiguration;
			buildSettings = {
				ALWAYS_EMBED_SWIFT_STANDARD_LIBRARIES = YES;
				DEVELOPMENT_TEAM = 3MHDY5FVBH;
				INFOPLIST_FILE = "On The MapUITests/Info.plist";
				LD_RUNPATH_SEARCH_PATHS = "$(inherited) @executable_path/Frameworks @loader_path/Frameworks";
				PRODUCT_BUNDLE_IDENTIFIER = "HT.On-The-MapUITests";
				PRODUCT_NAME = "$(TARGET_NAME)";
				SWIFT_VERSION = 3.0;
				TEST_TARGET_NAME = "On The Map";
			};
			name = Release;
		};
/* End XCBuildConfiguration section */

/* Begin XCConfigurationList section */
		A862EBC41DBECDAF00FEA822 /* Build configuration list for PBXProject "On The Map" */ = {
			isa = XCConfigurationList;
			buildConfigurations = (
				A862EBEF1DBECDAF00FEA822 /* Debug */,
				A862EBF01DBECDAF00FEA822 /* Release */,
			);
			defaultConfigurationIsVisible = 0;
			defaultConfigurationName = Release;
		};
		A862EBF11DBECDAF00FEA822 /* Build configuration list for PBXNativeTarget "On The Map" */ = {
			isa = XCConfigurationList;
			buildConfigurations = (
				A862EBF21DBECDAF00FEA822 /* Debug */,
				A862EBF31DBECDAF00FEA822 /* Release */,
			);
			defaultConfigurationIsVisible = 0;
			defaultConfigurationName = Release;
		};
		A862EBF41DBECDAF00FEA822 /* Build configuration list for PBXNativeTarget "On The MapTests" */ = {
			isa = XCConfigurationList;
			buildConfigurations = (
				A862EBF51DBECDAF00FEA822 /* Debug */,
				A862EBF61DBECDAF00FEA822 /* Release */,
			);
			defaultConfigurationIsVisible = 0;
			defaultConfigurationName = Release;
		};
		A862EBF71DBECDAF00FEA822 /* Build configuration list for PBXNativeTarget "On The MapUITests" */ = {
			isa = XCConfigurationList;
			buildConfigurations = (
				A862EBF81DBECDAF00FEA822 /* Debug */,
				A862EBF91DBECDAF00FEA822 /* Release */,
			);
			defaultConfigurationIsVisible = 0;
			defaultConfigurationName = Release;
		};
/* End XCConfigurationList section */
	};
	rootObject = A862EBC11DBECDAF00FEA822 /* Project object */;
}
